
Microsoft Visual Studio Solution File, Format Version 12.00
# Visual Studio Version 17
VisualStudioVersion = 17.3.32929.385
MinimumVisualStudioVersion = 10.0.40219.1
Project("{FAE04EC0-301F-11D3-BF4B-00C04F79EFBC}") = "Gerenciador de Tarefas", "Gerenciador de Tarefas\Gerenciador de Tarefas.csproj", "{6C457D13-0919-42BD-B293-C53170F529FD}"
EndProject
Global
	GlobalSection(SolutionConfigurationPlatforms) = preSolution
		Debug|Any CPU = Debug|Any CPU
		Release|Any CPU = Release|Any CPU
	EndGlobalSection
	GlobalSection(ProjectConfigurationPlatforms) = postSolution
		{6C457D13-0919-42BD-B293-C53170F529FD}.Debug|Any CPU.ActiveCfg = Debug|Any CPU
		{6C457D13-0919-42BD-B293-C53170F529FD}.Debug|Any CPU.Build.0 = Debug|Any CPU
		{6C457D13-0919-42BD-B293-C53170F529FD}.Release|Any CPU.ActiveCfg = Release|Any CPU
		{6C457D13-0919-42BD-B293-C53170F529FD}.Release|Any CPU.Build.0 = Release|Any CPU
	EndGlobalSection
	GlobalSection(SolutionProperties) = preSolution
		HideSolutionNode = FALSE
	EndGlobalSection
	GlobalSection(ExtensibilityGlobals) = postSolution
		SolutionGuid = {255C778D-6747-4127-9941-D0A5DE7D06E1}
	EndGlobalSection
EndGlobal
